
Microsoft Visual Studio Solution File, Format Version 12.00
# Visual Studio Version 17
VisualStudioVersion = 17.0.31903.59
MinimumVisualStudioVersion = 10.0.40219.1
Project("{2150E333-8FDC-42A3-9474-1A3956D46DE8}") = "src", "src", "{827E0CD3-B72D-47B6-A68D-7590B98EB39B}"
EndProject
Project("{FAE04EC0-301F-11D3-BF4B-00C04F79EFBC}") = "TaskRunner.Abstractions", "src\TaskRunner.Abstractions\TaskRunner.Abstractions.csproj", "{6DCEF032-1C34-46CB-8F0C-5B89150B49CA}"
EndProject
Project("{FAE04EC0-301F-11D3-BF4B-00C04F79EFBC}") = "TaskRunner.Core", "src\TaskRunner.Core\TaskRunner.Core.csproj", "{7C9D848E-D450-49C3-8503-2670B26AE9B0}"
EndProject
Project("{FAE04EC0-301F-11D3-BF4B-00C04F79EFBC}") = "TaskRunner.Dependencies", "src\TaskRunner.Dependencies\TaskRunner.Dependencies.csproj", "{06CC0D6F-A008-4D66-A92A-4938C9FE304D}"
EndProject
Project("{2150E333-8FDC-42A3-9474-1A3956D46DE8}") = "samples", "samples", "{5D20AA90-6969-D8BD-9DCD-8634F4692FDA}"
EndProject
Project("{FAE04EC0-301F-11D3-BF4B-00C04F79EFBC}") = "FileVerifier", "samples\FileVerifier\FileVerifier.csproj", "{42040CC9-F0A0-48EA-BBBD-7095D92E3006}"
EndProject
Project("{2150E333-8FDC-42A3-9474-1A3956D46DE8}") = "tools", "tools", "{07C2787E-EAC7-C090-1BA3-A61EC2A24D84}"
EndProject
Project("{FAE04EC0-301F-11D3-BF4B-00C04F79EFBC}") = "SchemaCodeGenerator", "tools\SchemaCodeGenerator\SchemaCodeGenerator.csproj", "{DA09827E-AA2B-4CE6-9B5B-8CFB196E9184}"
EndProject
Project("{FAE04EC0-301F-11D3-BF4B-00C04F79EFBC}") = "FileConverter", "samples\FileConverter\FileConverter.csproj", "{F39F8548-04C6-46E5-908B-571689601BBC}"
EndProject
Global
	GlobalSection(SolutionConfigurationPlatforms) = preSolution
		Debug|Any CPU = Debug|Any CPU
		Debug|x64 = Debug|x64
		Debug|x86 = Debug|x86
		Release|Any CPU = Release|Any CPU
		Release|x64 = Release|x64
		Release|x86 = Release|x86
	EndGlobalSection
	GlobalSection(ProjectConfigurationPlatforms) = postSolution
		{6DCEF032-1C34-46CB-8F0C-5B89150B49CA}.Debug|Any CPU.ActiveCfg = Debug|Any CPU
		{6DCEF032-1C34-46CB-8F0C-5B89150B49CA}.Debug|Any CPU.Build.0 = Debug|Any CPU
		{6DCEF032-1C34-46CB-8F0C-5B89150B49CA}.Debug|x64.ActiveCfg = Debug|Any CPU
		{6DCEF032-1C34-46CB-8F0C-5B89150B49CA}.Debug|x64.Build.0 = Debug|Any CPU
		{6DCEF032-1C34-46CB-8F0C-5B89150B49CA}.Debug|x86.ActiveCfg = Debug|Any CPU
		{6DCEF032-1C34-46CB-8F0C-5B89150B49CA}.Debug|x86.Build.0 = Debug|Any CPU
		{6DCEF032-1C34-46CB-8F0C-5B89150B49CA}.Release|Any CPU.ActiveCfg = Release|Any CPU
		{6DCEF032-1C34-46CB-8F0C-5B89150B49CA}.Release|Any CPU.Build.0 = Release|Any CPU
		{6DCEF032-1C34-46CB-8F0C-5B89150B49CA}.Release|x64.ActiveCfg = Release|Any CPU
		{6DCEF032-1C34-46CB-8F0C-5B89150B49CA}.Release|x64.Build.0 = Release|Any CPU
		{6DCEF032-1C34-46CB-8F0C-5B89150B49CA}.Release|x86.ActiveCfg = Release|Any CPU
		{6DCEF032-1C34-46CB-8F0C-5B89150B49CA}.Release|x86.Build.0 = Release|Any CPU
		{7C9D848E-D450-49C3-8503-2670B26AE9B0}.Debug|Any CPU.ActiveCfg = Debug|Any CPU
		{7C9D848E-D450-49C3-8503-2670B26AE9B0}.Debug|Any CPU.Build.0 = Debug|Any CPU
		{7C9D848E-D450-49C3-8503-2670B26AE9B0}.Debug|x64.ActiveCfg = Debug|Any CPU
		{7C9D848E-D450-49C3-8503-2670B26AE9B0}.Debug|x64.Build.0 = Debug|Any CPU
		{7C9D848E-D450-49C3-8503-2670B26AE9B0}.Debug|x86.ActiveCfg = Debug|Any CPU
		{7C9D848E-D450-49C3-8503-2670B26AE9B0}.Debug|x86.Build.0 = Debug|Any CPU
		{7C9D848E-D450-49C3-8503-2670B26AE9B0}.Release|Any CPU.ActiveCfg = Release|Any CPU
		{7C9D848E-D450-49C3-8503-2670B26AE9B0}.Release|Any CPU.Build.0 = Release|Any CPU
		{7C9D848E-D450-49C3-8503-2670B26AE9B0}.Release|x64.ActiveCfg = Release|Any CPU
		{7C9D848E-D450-49C3-8503-2670B26AE9B0}.Release|x64.Build.0 = Release|Any CPU
		{7C9D848E-D450-49C3-8503-2670B26AE9B0}.Release|x86.ActiveCfg = Release|Any CPU
		{7C9D848E-D450-49C3-8503-2670B26AE9B0}.Release|x86.Build.0 = Release|Any CPU
		{06CC0D6F-A008-4D66-A92A-4938C9FE304D}.Debug|Any CPU.ActiveCfg = Debug|Any CPU
		{06CC0D6F-A008-4D66-A92A-4938C9FE304D}.Debug|Any CPU.Build.0 = Debug|Any CPU
		{06CC0D6F-A008-4D66-A92A-4938C9FE304D}.Debug|x64.ActiveCfg = Debug|Any CPU
		{06CC0D6F-A008-4D66-A92A-4938C9FE304D}.Debug|x64.Build.0 = Debug|Any CPU
		{06CC0D6F-A008-4D66-A92A-4938C9FE304D}.Debug|x86.ActiveCfg = Debug|Any CPU
		{06CC0D6F-A008-4D66-A92A-4938C9FE304D}.Debug|x86.Build.0 = Debug|Any CPU
		{06CC0D6F-A008-4D66-A92A-4938C9FE304D}.Release|Any CPU.ActiveCfg = Release|Any CPU
		{06CC0D6F-A008-4D66-A92A-4938C9FE304D}.Release|Any CPU.Build.0 = Release|Any CPU
		{06CC0D6F-A008-4D66-A92A-4938C9FE304D}.Release|x64.ActiveCfg = Release|Any CPU
		{06CC0D6F-A008-4D66-A92A-4938C9FE304D}.Release|x64.Build.0 = Release|Any CPU
		{06CC0D6F-A008-4D66-A92A-4938C9FE304D}.Release|x86.ActiveCfg = Release|Any CPU
		{06CC0D6F-A008-4D66-A92A-4938C9FE304D}.Release|x86.Build.0 = Release|Any CPU
		{42040CC9-F0A0-48EA-BBBD-7095D92E3006}.Debug|Any CPU.ActiveCfg = Debug|Any CPU
		{42040CC9-F0A0-48EA-BBBD-7095D92E3006}.Debug|Any CPU.Build.0 = Debug|Any CPU
		{42040CC9-F0A0-48EA-BBBD-7095D92E3006}.Debug|x64.ActiveCfg = Debug|Any CPU
		{42040CC9-F0A0-48EA-BBBD-7095D92E3006}.Debug|x64.Build.0 = Debug|Any CPU
		{42040CC9-F0A0-48EA-BBBD-7095D92E3006}.Debug|x86.ActiveCfg = Debug|Any CPU
		{42040CC9-F0A0-48EA-BBBD-7095D92E3006}.Debug|x86.Build.0 = Debug|Any CPU
		{42040CC9-F0A0-48EA-BBBD-7095D92E3006}.Release|Any CPU.ActiveCfg = Release|Any CPU
		{42040CC9-F0A0-48EA-BBBD-7095D92E3006}.Release|Any CPU.Build.0 = Release|Any CPU
		{42040CC9-F0A0-48EA-BBBD-7095D92E3006}.Release|x64.ActiveCfg = Release|Any CPU
		{42040CC9-F0A0-48EA-BBBD-7095D92E3006}.Release|x64.Build.0 = Release|Any CPU
		{42040CC9-F0A0-48EA-BBBD-7095D92E3006}.Release|x86.ActiveCfg = Release|Any CPU
		{42040CC9-F0A0-48EA-BBBD-7095D92E3006}.Release|x86.Build.0 = Release|Any CPU
		{DA09827E-AA2B-4CE6-9B5B-8CFB196E9184}.Debug|Any CPU.ActiveCfg = Debug|Any CPU
		{DA09827E-AA2B-4CE6-9B5B-8CFB196E9184}.Debug|Any CPU.Build.0 = Debug|Any CPU
		{DA09827E-AA2B-4CE6-9B5B-8CFB196E9184}.Debug|x64.ActiveCfg = Debug|Any CPU
		{DA09827E-AA2B-4CE6-9B5B-8CFB196E9184}.Debug|x64.Build.0 = Debug|Any CPU
		{DA09827E-AA2B-4CE6-9B5B-8CFB196E9184}.Debug|x86.ActiveCfg = Debug|Any CPU
		{DA09827E-AA2B-4CE6-9B5B-8CFB196E9184}.Debug|x86.Build.0 = Debug|Any CPU
		{DA09827E-AA2B-4CE6-9B5B-8CFB196E9184}.Release|Any CPU.ActiveCfg = Release|Any CPU
		{DA09827E-AA2B-4CE6-9B5B-8CFB196E9184}.Release|Any CPU.Build.0 = Release|Any CPU
		{DA09827E-AA2B-4CE6-9B5B-8CFB196E9184}.Release|x64.ActiveCfg = Release|Any CPU
		{DA09827E-AA2B-4CE6-9B5B-8CFB196E9184}.Release|x64.Build.0 = Release|Any CPU
		{DA09827E-AA2B-4CE6-9B5B-8CFB196E9184}.Release|x86.ActiveCfg = Release|Any CPU
		{DA09827E-AA2B-4CE6-9B5B-8CFB196E9184}.Release|x86.Build.0 = Release|Any CPU
		{F39F8548-04C6-46E5-908B-571689601BBC}.Debug|Any CPU.ActiveCfg = Debug|Any CPU
		{F39F8548-04C6-46E5-908B-571689601BBC}.Debug|Any CPU.Build.0 = Debug|Any CPU
		{F39F8548-04C6-46E5-908B-571689601BBC}.Debug|x64.ActiveCfg = Debug|Any CPU
		{F39F8548-04C6-46E5-908B-571689601BBC}.Debug|x64.Build.0 = Debug|Any CPU
		{F39F8548-04C6-46E5-908B-571689601BBC}.Debug|x86.ActiveCfg = Debug|Any CPU
		{F39F8548-04C6-46E5-908B-571689601BBC}.Debug|x86.Build.0 = Debug|Any CPU
		{F39F8548-04C6-46E5-908B-571689601BBC}.Release|Any CPU.ActiveCfg = Release|Any CPU
		{F39F8548-04C6-46E5-908B-571689601BBC}.Release|Any CPU.Build.0 = Release|Any CPU
		{F39F8548-04C6-46E5-908B-571689601BBC}.Release|x64.ActiveCfg = Release|Any CPU
		{F39F8548-04C6-46E5-908B-571689601BBC}.Release|x64.Build.0 = Release|Any CPU
		{F39F8548-04C6-46E5-908B-571689601BBC}.Release|x86.ActiveCfg = Release|Any CPU
		{F39F8548-04C6-46E5-908B-571689601BBC}.Release|x86.Build.0 = Release|Any CPU
	EndGlobalSection
	GlobalSection(SolutionProperties) = preSolution
		HideSolutionNode = FALSE
	EndGlobalSection
	GlobalSection(NestedProjects) = preSolution
		{6DCEF032-1C34-46CB-8F0C-5B89150B49CA} = {827E0CD3-B72D-47B6-A68D-7590B98EB39B}
		{7C9D848E-D450-49C3-8503-2670B26AE9B0} = {827E0CD3-B72D-47B6-A68D-7590B98EB39B}
		{06CC0D6F-A008-4D66-A92A-4938C9FE304D} = {827E0CD3-B72D-47B6-A68D-7590B98EB39B}
		{42040CC9-F0A0-48EA-BBBD-7095D92E3006} = {5D20AA90-6969-D8BD-9DCD-8634F4692FDA}
		{DA09827E-AA2B-4CE6-9B5B-8CFB196E9184} = {07C2787E-EAC7-C090-1BA3-A61EC2A24D84}
		{F39F8548-04C6-46E5-908B-571689601BBC} = {5D20AA90-6969-D8BD-9DCD-8634F4692FDA}
	EndGlobalSection
EndGlobal
